# This is a Gradle generated file for dependency locking.
# Manual edits can break the build. This file is expected to be part of source control.
commons-io:commons-io:2.5=compileClasspath,runtimeClasspath,testCompileClasspath,testRuntimeClasspath
junit:junit:4.7=testCompileClasspath,testRuntimeClasspath
org.hamcrest:hamcrest-core:1.1=testCompileClasspath,testRuntimeClasspath
empty=annotationProcessor,testAnnotationProcessor
