# This is a Gradle generated file for dependency locking.
# Manual edits can break the build. This file is expected to be part of source control.
commons-io:commons-io:2.5=testCompileClasspath
junit:junit:4.7=testCompileClasspath
org.hamcrest:hamcrest-core:1.1=testCompileClasspath
empty=testCompileClasspath
